// !$*UTF8*$!
{
	archiveVersion = 1;
	classes = {
	};
	objectVersion = 46;
	objects = {

/* Begin PBXBuildFile section */
		3435055A1F53631F005E89DF /* AppDelegate.swift in Sources */ = {isa = PBXBuildFile; fileRef = 343505591F53631F005E89DF /* AppDelegate.swift */; };
		3435055C1F53631F005E89DF /* ViewController.swift in Sources */ = {isa = PBXBuildFile; fileRef = 3435055B1F53631F005E89DF /* ViewController.swift */; };
		3435055F1F53631F005E89DF /* Main.storyboard in Resources */ = {isa = PBXBuildFile; fileRef = 3435055D1F53631F005E89DF /* Main.storyboard */; };
		343505611F53631F005E89DF /* Assets.xcassets in Resources */ = {isa = PBXBuildFile; fileRef = 343505601F53631F005E89DF /* Assets.xcassets */; };
		343505641F53631F005E89DF /* LaunchScreen.storyboard in Resources */ = {isa = PBXBuildFile; fileRef = 343505621F53631F005E89DF /* LaunchScreen.storyboard */; };
		3435056F1F53631F005E89DF /* AvatarTests.swift in Sources */ = {isa = PBXBuildFile; fileRef = 3435056E1F53631F005E89DF /* AvatarTests.swift */; };
		3435057A1F53631F005E89DF /* AvatarUITests.swift in Sources */ = {isa = PBXBuildFile; fileRef = 343505791F53631F005E89DF /* AvatarUITests.swift */; };
/* End PBXBuildFile section */

/* Begin PBXContainerItemProxy section */
		3435056B1F53631F005E89DF /* PBXContainerItemProxy */ = {
			isa = PBXContainerItemProxy;
			containerPortal = 3435054E1F53631F005E89DF /* Project object */;
			proxyType = 1;
			remoteGlobalIDString = 343505551F53631F005E89DF;
			remoteInfo = Avatar;
		};
		343505761F53631F005E89DF /* PBXContainerItemProxy */ = {
			isa = PBXContainerItemProxy;
			containerPortal = 3435054E1F53631F005E89DF /* Project object */;
			proxyType = 1;
			remoteGlobalIDString = 343505551F53631F005E89DF;
			remoteInfo = Avatar;
		};
/* End PBXContainerItemProxy section */

/* Begin PBXFileReference section */
		343505561F53631F005E89DF /* Avatar.app */ = {isa = PBXFileReference; explicitFileType = wrapper.application; includeInIndex = 0; path = Avatar.app; sourceTree = BUILT_PRODUCTS_DIR; };
		343505591F53631F005E89DF /* AppDelegate.swift */ = {isa = PBXFileReference; lastKnownFileType = sourcecode.swift; path = AppDelegate.swift; sourceTree = "<group>"; };
		3435055B1F53631F005E89DF /* ViewController.swift */ = {isa = PBXFileReference; lastKnownFileType = sourcecode.swift; path = ViewController.swift; sourceTree = "<group>"; };
		3435055E1F53631F005E89DF /* Base */ = {isa = PBXFileReference; lastKnownFileType = file.storyboard; name = Base; path = Base.lproj/Main.storyboard; sourceTree = "<group>"; };
		343505601F53631F005E89DF /* Assets.xcassets */ = {isa = PBXFileReference; lastKnownFileType = folder.assetcatalog; path = Assets.xcassets; sourceTree = "<group>"; };
		343505631F53631F005E89DF /* Base */ = {isa = PBXFileReference; lastKnownFileType = file.storyboard; name = Base; path = Base.lproj/LaunchScreen.storyboard; sourceTree = "<group>"; };
		343505651F53631F005E89DF /* Info.plist */ = {isa = PBXFileReference; lastKnownFileType = text.plist.xml; path = Info.plist; sourceTree = "<group>"; };
		3435056A1F53631F005E89DF /* AvatarTests.xctest */ = {isa = PBXFileReference; explicitFileType = wrapper.cfbundle; includeInIndex = 0; path = AvatarTests.xctest; sourceTree = BUILT_PRODUCTS_DIR; };
		3435056E1F53631F005E89DF /* AvatarTests.swift */ = {isa = PBXFileReference; lastKnownFileType = sourcecode.swift; path = AvatarTests.swift; sourceTree = "<group>"; };
		343505701F53631F005E89DF /* Info.plist */ = {isa = PBXFileReference; lastKnownFileType = text.plist.xml; path = Info.plist; sourceTree = "<group>"; };
		343505751F53631F005E89DF /* AvatarUITests.xctest */ = {isa = PBXFileReference; explicitFileType = wrapper.cfbundle; includeInIndex = 0; path = AvatarUITests.xctest; sourceTree = BUILT_PRODUCTS_DIR; };
		343505791F53631F005E89DF /* AvatarUITests.swift */ = {isa = PBXFileReference; lastKnownFileType = sourcecode.swift; path = AvatarUITests.swift; sourceTree = "<group>"; };
		3435057B1F53631F005E89DF /* Info.plist */ = {isa = PBXFileReference; lastKnownFileType = text.plist.xml; path = Info.plist; sourceTree = "<group>"; };
/* End PBXFileReference section */

/* Begin PBXFrameworksBuildPhase section */
		343505531F53631F005E89DF /* Frameworks */ = {
			isa = PBXFrameworksBuildPhase;
			buildActionMask = 2147483647;
			files = (
			);
			runOnlyForDeploymentPostprocessing = 0;
		};
		343505671F53631F005E89DF /* Frameworks */ = {
			isa = PBXFrameworksBuildPhase;
			buildActionMask = 2147483647;
			files = (
			);
			runOnlyForDeploymentPostprocessing = 0;
		};
		343505721F53631F005E89DF /* Frameworks */ = {
			isa = PBXFrameworksBuildPhase;
			buildActionMask = 2147483647;
			files = (
			);
			runOnlyForDeploymentPostprocessing = 0;
		};
/* End PBXFrameworksBuildPhase section */

/* Begin PBXGroup section */
		3435054D1F53631F005E89DF = {
			isa = PBXGroup;
			children = (
				343505581F53631F005E89DF /* Avatar */,
				3435056D1F53631F005E89DF /* AvatarTests */,
				343505781F53631F005E89DF /* AvatarUITests */,
				343505571F53631F005E89DF /* Products */,
			);
			sourceTree = "<group>";
		};
		343505571F53631F005E89DF /* Products */ = {
			isa = PBXGroup;
			children = (
				343505561F53631F005E89DF /* Avatar.app */,
				3435056A1F53631F005E89DF /* AvatarTests.xctest */,
				343505751F53631F005E89DF /* AvatarUITests.xctest */,
			);
			name = Products;
			sourceTree = "<group>";
		};
		343505581F53631F005E89DF /* Avatar */ = {
			isa = PBXGroup;
			children = (
				343505591F53631F005E89DF /* AppDelegate.swift */,
				3435055B1F53631F005E89DF /* ViewController.swift */,
				3435055D1F53631F005E89DF /* Main.storyboard */,
				343505601F53631F005E89DF /* Assets.xcassets */,
				343505621F53631F005E89DF /* LaunchScreen.storyboard */,
				343505651F53631F005E89DF /* Info.plist */,
			);
			path = Avatar;
			sourceTree = "<group>";
		};
		3435056D1F53631F005E89DF /* AvatarTests */ = {
			isa = PBXGroup;
			children = (
				3435056E1F53631F005E89DF /* AvatarTests.swift */,
				343505701F53631F005E89DF /* Info.plist */,
			);
			path = AvatarTests;
			sourceTree = "<group>";
		};
		343505781F53631F005E89DF /* AvatarUITests */ = {
			isa = PBXGroup;
			children = (
				343505791F53631F005E89DF /* AvatarUITests.swift */,
				3435057B1F53631F005E89DF /* Info.plist */,
			);
			path = AvatarUITests;
			sourceTree = "<group>";
		};
/* End PBXGroup section */

/* Begin PBXNativeTarget section */
		343505551F53631F005E89DF /* Avatar */ = {
			isa = PBXNativeTarget;
			buildConfigurationList = 3435057E1F53631F005E89DF /* Build configuration list for PBXNativeTarget "Avatar" */;
			buildPhases = (
				343505521F53631F005E89DF /* Sources */,
				343505531F53631F005E89DF /* Frameworks */,
				343505541F53631F005E89DF /* Resources */,
			);
			buildRules = (
			);
			dependencies = (
			);
			name = Avatar;
			productName = Avatar;
			productReference = 343505561F53631F005E89DF /* Avatar.app */;
			productType = "com.apple.product-type.application";
		};
		343505691F53631F005E89DF /* AvatarTests */ = {
			isa = PBXNativeTarget;
			buildConfigurationList = 343505811F53631F005E89DF /* Build configuration list for PBXNativeTarget "AvatarTests" */;
			buildPhases = (
				343505661F53631F005E89DF /* Sources */,
				343505671F53631F005E89DF /* Frameworks */,
				343505681F53631F005E89DF /* Resources */,
			);
			buildRules = (
			);
			dependencies = (
				3435056C1F53631F005E89DF /* PBXTargetDependency */,
			);
			name = AvatarTests;
			productName = AvatarTests;
			productReference = 3435056A1F53631F005E89DF /* AvatarTests.xctest */;
			productType = "com.apple.product-type.bundle.unit-test";
		};
		343505741F53631F005E89DF /* AvatarUITests */ = {
			isa = PBXNativeTarget;
			buildConfigurationList = 343505841F53631F005E89DF /* Build configuration list for PBXNativeTarget "AvatarUITests" */;
			buildPhases = (
				343505711F53631F005E89DF /* Sources */,
				343505721F53631F005E89DF /* Frameworks */,
				343505731F53631F005E89DF /* Resources */,
			);
			buildRules = (
			);
			dependencies = (
				343505771F53631F005E89DF /* PBXTargetDependency */,
			);
			name = AvatarUITests;
			productName = AvatarUITests;
			productReference = 343505751F53631F005E89DF /* AvatarUITests.xctest */;
			productType = "com.apple.product-type.bundle.ui-testing";
		};
/* End PBXNativeTarget section */

/* Begin PBXProject section */
		3435054E1F53631F005E89DF /* Project object */ = {
			isa = PBXProject;
			attributes = {
				LastSwiftUpdateCheck = 0820;
				LastUpgradeCheck = 0820;
				ORGANIZATIONNAME = AppSoul;
				TargetAttributes = {
					343505551F53631F005E89DF = {
						CreatedOnToolsVersion = 8.2.1;
						ProvisioningStyle = Automatic;
					};
					343505691F53631F005E89DF = {
						CreatedOnToolsVersion = 8.2.1;
						ProvisioningStyle = Automatic;
						TestTargetID = 343505551F53631F005E89DF;
					};
					343505741F53631F005E89DF = {
						CreatedOnToolsVersion = 8.2.1;
						ProvisioningStyle = Automatic;
						TestTargetID = 343505551F53631F005E89DF;
					};
				};
			};
			buildConfigurationList = 343505511F53631F005E89DF /* Build configuration list for PBXProject "Avatar" */;
			compatibilityVersion = "Xcode 3.2";
			developmentRegion = English;
			hasScannedForEncodings = 0;
			knownRegions = (
				en,
				Base,
			);
			mainGroup = 3435054D1F53631F005E89DF;
			productRefGroup = 343505571F53631F005E89DF /* Products */;
			projectDirPath = "";
			projectRoot = "";
			targets = (
				343505551F53631F005E89DF /* Avatar */,
				343505691F53631F005E89DF /* AvatarTests */,
				343505741F53631F005E89DF /* AvatarUITests */,
			);
		};
/* End PBXProject section */

/* Begin PBXResourcesBuildPhase section */
		343505541F53631F005E89DF /* Resources */ = {
			isa = PBXResourcesBuildPhase;
			buildActionMask = 2147483647;
			files = (
				343505641F53631F005E89DF /* LaunchScreen.storyboard in Resources */,
				343505611F53631F005E89DF /* Assets.xcassets in Resources */,
				3435055F1F53631F005E89DF /* Main.storyboard in Resources */,
			);
			runOnlyForDeploymentPostprocessing = 0;
		};
		343505681F53631F005E89DF /* Resources */ = {
			isa = PBXResourcesBuildPhase;
			buildActionMask = 2147483647;
			files = (
			);
			runOnlyForDeploymentPostprocessing = 0;
		};
		343505731F53631F005E89DF /* Resources */ = {
			isa = PBXResourcesBuildPhase;
			buildActionMask = 2147483647;
			files = (
			);
			runOnlyForDeploymentPostprocessing = 0;
		};
/* End PBXResourcesBuildPhase section */

/* Begin PBXSourcesBuildPhase section */
		343505521F53631F005E89DF /* Sources */ = {
			isa = PBXSourcesBuildPhase;
			buildActionMask = 2147483647;
			files = (
				3435055C1F53631F005E89DF /* ViewController.swift in Sources */,
				3435055A1F53631F005E89DF /* AppDelegate.swift in Sources */,
			);
			runOnlyForDeploymentPostprocessing = 0;
		};
		343505661F53631F005E89DF /* Sources */ = {
			isa = PBXSourcesBuildPhase;
			buildActionMask = 2147483647;
			files = (
				3435056F1F53631F005E89DF /* AvatarTests.swift in Sources */,
			);
			runOnlyForDeploymentPostprocessing = 0;
		};
		343505711F53631F005E89DF /* Sources */ = {
			isa = PBXSourcesBuildPhase;
			buildActionMask = 2147483647;
			files = (
				3435057A1F53631F005E89DF /* AvatarUITests.swift in Sources */,
			);
			runOnlyForDeploymentPostprocessing = 0;
		};
/* End PBXSourcesBuildPhase section */

/* Begin PBXTargetDependency section */
		3435056C1F53631F005E89DF /* PBXTargetDependency */ = {
			isa = PBXTargetDependency;
			target = 343505551F53631F005E89DF /* Avatar */;
			targetProxy = 3435056B1F53631F005E89DF /* PBXContainerItemProxy */;
		};
		343505771F53631F005E89DF /* PBXTargetDependency */ = {
			isa = PBXTargetDependency;
			target = 343505551F53631F005E89DF /* Avatar */;
			targetProxy = 343505761F53631F005E89DF /* PBXContainerItemProxy */;
		};
/* End PBXTargetDependency section */

/* Begin PBXVariantGroup section */
		3435055D1F53631F005E89DF /* Main.storyboard */ = {
			isa = PBXVariantGroup;
			children = (
				3435055E1F53631F005E89DF /* Base */,
			);
			name = Main.storyboard;
			sourceTree = "<group>";
		};
		343505621F53631F005E89DF /* LaunchScreen.storyboard */ = {
			isa = PBXVariantGroup;
			children = (
				343505631F53631F005E89DF /* Base */,
			);
			name = LaunchScreen.storyboard;
			sourceTree = "<group>";
		};
/* End PBXVariantGroup section */

/* Begin XCBuildConfiguration section */
		3435057C1F53631F005E89DF /* Debug */ = {
			isa = XCBuildConfiguration;
			buildSettings = {
				ALWAYS_SEARCH_USER_PATHS = NO;
				CLANG_ANALYZER_NONNULL = YES;
				CLANG_CXX_LANGUAGE_STANDARD = "gnu++0x";
				CLANG_CXX_LIBRARY = "libc++";
				CLANG_ENABLE_MODULES = YES;
				CLANG_ENABLE_OBJC_ARC = YES;
				CLANG_WARN_BOOL_CONVERSION = YES;
				CLANG_WARN_CONSTANT_CONVERSION = YES;
				CLANG_WARN_DIRECT_OBJC_ISA_USAGE = YES_ERROR;
				CLANG_WARN_DOCUMENTATION_COMMENTS = YES;
				CLANG_WARN_EMPTY_BODY = YES;
				CLANG_WARN_ENUM_CONVERSION = YES;
				CLANG_WARN_INFINITE_RECURSION = YES;
				CLANG_WARN_INT_CONVERSION = YES;
				CLANG_WARN_OBJC_ROOT_CLASS = YES_ERROR;
				CLANG_WARN_SUSPICIOUS_MOVE = YES;
				CLANG_WARN_UNREACHABLE_CODE = YES;
				CLANG_WARN__DUPLICATE_METHOD_MATCH = YES;
				"CODE_SIGN_IDENTITY[sdk=iphoneos*]" = "iPhone Developer";
				COPY_PHASE_STRIP = NO;
				DEBUG_INFORMATION_FORMAT = dwarf;
				ENABLE_STRICT_OBJC_MSGSEND = YES;
				ENABLE_TESTABILITY = YES;
				GCC_C_LANGUAGE_STANDARD = gnu99;
				GCC_DYNAMIC_NO_PIC = NO;
				GCC_NO_COMMON_BLOCKS = YES;
				GCC_OPTIMIZATION_LEVEL = 0;
				GCC_PREPROCESSOR_DEFINITIONS = (
					"DEBUG=1",
					"$(inherited)",
				);
				GCC_WARN_64_TO_32_BIT_CONVERSION = YES;
				GCC_WARN_ABOUT_RETURN_TYPE = YES_ERROR;
				GCC_WARN_UNDECLARED_SELECTOR = YES;
				GCC_WARN_UNINITIALIZED_AUTOS = YES_AGGRESSIVE;
				GCC_WARN_UNUSED_FUNCTION = YES;
				GCC_WARN_UNUSED_VARIABLE = YES;
				IPHONEOS_DEPLOYMENT_TARGET = 10.2;
				MTL_ENABLE_DEBUG_INFO = YES;
				ONLY_ACTIVE_ARCH = YES;
				SDKROOT = iphoneos;
				SWIFT_ACTIVE_COMPILATION_CONDITIONS = DEBUG;
				SWIFT_OPTIMIZATION_LEVEL = "-Onone";
			};
			name = Debug;
		};
		3435057D1F53631F005E89DF /* Release */ = {
			isa = XCBuildConfiguration;
			buildSettings = {
				ALWAYS_SEARCH_USER_PATHS = NO;
				CLANG_ANALYZER_NONNULL = YES;
				CLANG_CXX_LANGUAGE_STANDARD = "gnu++0x";
				CLANG_CXX_LIBRARY = "libc++";
				CLANG_ENABLE_MODULES = YES;
				CLANG_ENABLE_OBJC_ARC = YES;
				CLANG_WARN_BOOL_CONVERSION = YES;
				CLANG_WARN_CONSTANT_CONVERSION = YES;
				CLANG_WARN_DIRECT_OBJC_ISA_USAGE = YES_ERROR;
				CLANG_WARN_DOCUMENTATION_COMMENTS = YES;
				CLANG_WARN_EMPTY_BODY = YES;
				CLANG_WARN_ENUM_CONVERSION = YES;
				CLANG_WARN_INFINITE_RECURSION = YES;
				CLANG_WARN_INT_CONVERSION = YES;
				CLANG_WARN_OBJC_ROOT_CLASS = YES_ERROR;
				CLANG_WARN_SUSPICIOUS_MOVE = YES;
				CLANG_WARN_UNREACHABLE_CODE = YES;
				CLANG_WARN__DUPLICATE_METHOD_MATCH = YES;
				"CODE_SIGN_IDENTITY[sdk=iphoneos*]" = "iPhone Developer";
				COPY_PHASE_STRIP = NO;
				DEBUG_INFORMATION_FORMAT = "dwarf-with-dsym";
				ENABLE_NS_ASSERTIONS = NO;
				ENABLE_STRICT_OBJC_MSGSEND = YES;
				GCC_C_LANGUAGE_STANDARD = gnu99;
				GCC_NO_COMMON_BLOCKS = YES;
				GCC_WARN_64_TO_32_BIT_CONVERSION = YES;
				GCC_WARN_ABOUT_RETURN_TYPE = YES_ERROR;
				GCC_WARN_UNDECLARED_SELECTOR = YES;
				GCC_WARN_UNINITIALIZED_AUTOS = YES_AGGRESSIVE;
				GCC_WARN_UNUSED_FUNCTION = YES;
				GCC_WARN_UNUSED_VARIABLE = YES;
				IPHONEOS_DEPLOYMENT_TARGET = 10.2;
				MTL_ENABLE_DEBUG_INFO = NO;
				SDKROOT = iphoneos;
				SWIFT_OPTIMIZATION_LEVEL = "-Owholemodule";
				VALIDATE_PRODUCT = YES;
			};
			name = Release;
		};
		3435057F1F53631F005E89DF /* Debug */ = {
			isa = XCBuildConfiguration;
			buildSettings = {
				ASSETCATALOG_COMPILER_APPICON_NAME = AppIcon;
				INFOPLIST_FILE = Avatar/Info.plist;
				LD_RUNPATH_SEARCH_PATHS = "$(inherited) @executable_path/Frameworks";
				PRODUCT_BUNDLE_IDENTIFIER = com.AppSoul.Avatar;
				PRODUCT_NAME = "$(TARGET_NAME)";
				SWIFT_VERSION = 3.0;
			};
			name = Debug;
		};
		343505801F53631F005E89DF /* Release */ = {
			isa = XCBuildConfiguration;
			buildSettings = {
				ASSETCATALOG_COMPILER_APPICON_NAME = AppIcon;
				INFOPLIST_FILE = Avatar/Info.plist;
				LD_RUNPATH_SEARCH_PATHS = "$(inherited) @executable_path/Frameworks";
				PRODUCT_BUNDLE_IDENTIFIER = com.AppSoul.Avatar;
				PRODUCT_NAME = "$(TARGET_NAME)";
				SWIFT_VERSION = 3.0;
			};
			name = Release;
		};
		343505821F53631F005E89DF /* Debug */ = {
			isa = XCBuildConfiguration;
			buildSettings = {
				ALWAYS_EMBED_SWIFT_STANDARD_LIBRARIES = YES;
				BUNDLE_LOADER = "$(TEST_HOST)";
				INFOPLIST_FILE = AvatarTests/Info.plist;
				LD_RUNPATH_SEARCH_PATHS = "$(inherited) @executable_path/Frameworks @loader_path/Frameworks";
				PRODUCT_BUNDLE_IDENTIFIER = com.AppSoul.AvatarTests;
				PRODUCT_NAME = "$(TARGET_NAME)";
				SWIFT_VERSION = 3.0;
				TEST_HOST = "$(BUILT_PRODUCTS_DIR)/Avatar.app/Avatar";
			};
			name = Debug;
		};
		343505831F53631F005E89DF /* Release */ = {
			isa = XCBuildConfiguration;
			buildSettings = {
				ALWAYS_EMBED_SWIFT_STANDARD_LIBRARIES = YES;
				BUNDLE_LOADER = "$(TEST_HOST)";
				INFOPLIST_FILE = AvatarTests/Info.plist;
				LD_RUNPATH_SEARCH_PATHS = "$(inherited) @executable_path/Frameworks @loader_path/Frameworks";
				PRODUCT_BUNDLE_IDENTIFIER = com.AppSoul.AvatarTests;
				PRODUCT_NAME = "$(TARGET_NAME)";
				SWIFT_VERSION = 3.0;
				TEST_HOST = "$(BUILT_PRODUCTS_DIR)/Avatar.app/Avatar";
			};
			name = Release;
		};
		343505851F53631F005E89DF /* Debug */ = {
			isa = XCBuildConfiguration;
			buildSettings = {
				ALWAYS_EMBED_SWIFT_STANDARD_LIBRARIES = YES;
				INFOPLIST_FILE = AvatarUITests/Info.plist;
				LD_RUNPATH_SEARCH_PATHS = "$(inherited) @executable_path/Frameworks @loader_path/Frameworks";
				PRODUCT_BUNDLE_IDENTIFIER = com.AppSoul.AvatarUITests;
				PRODUCT_NAME = "$(TARGET_NAME)";
				SWIFT_VERSION = 3.0;
				TEST_TARGET_NAME = Avatar;
			};
			name = Debug;
		};
		343505861F53631F005E89DF /* Release */ = {
			isa = XCBuildConfiguration;
			buildSettings = {
				ALWAYS_EMBED_SWIFT_STANDARD_LIBRARIES = YES;
				INFOPLIST_FILE = AvatarUITests/Info.plist;
				LD_RUNPATH_SEARCH_PATHS = "$(inherited) @executable_path/Frameworks @loader_path/Frameworks";
				PRODUCT_BUNDLE_IDENTIFIER = com.AppSoul.AvatarUITests;
				PRODUCT_NAME = "$(TARGET_NAME)";
				SWIFT_VERSION = 3.0;
				TEST_TARGET_NAME = Avatar;
			};
			name = Release;
		};
/* End XCBuildConfiguration section */

/* Begin XCConfigurationList section */
		343505511F53631F005E89DF /* Build configuration list for PBXProject "Avatar" */ = {
			isa = XCConfigurationList;
			buildConfigurations = (
				3435057C1F53631F005E89DF /* Debug */,
				3435057D1F53631F005E89DF /* Release */,
			);
			defaultConfigurationIsVisible = 0;
			defaultConfigurationName = Release;
		};
		3435057E1F53631F005E89DF /* Build configuration list for PBXNativeTarget "Avatar" */ = {
			isa = XCConfigurationList;
			buildConfigurations = (
				3435057F1F53631F005E89DF /* Debug */,
				343505801F53631F005E89DF /* Release */,
			);
			defaultConfigurationIsVisible = 0;
		};
		343505811F53631F005E89DF /* Build configuration list for PBXNativeTarget "AvatarTests" */ = {
			isa = XCConfigurationList;
			buildConfigurations = (
				343505821F53631F005E89DF /* Debug */,
				343505831F53631F005E89DF /* Release */,
			);
			defaultConfigurationIsVisible = 0;
		};
		343505841F53631F005E89DF /* Build configuration list for PBXNativeTarget "AvatarUITests" */ = {
			isa = XCConfigurationList;
			buildConfigurations = (
				343505851F53631F005E89DF /* Debug */,
				343505861F53631F005E89DF /* Release */,
			);
			defaultConfigurationIsVisible = 0;
		};
/* End XCConfigurationList section */
	};
	rootObject = 3435054E1F53631F005E89DF /* Project object */;
}
